
Microsoft Visual Studio Solution File, Format Version 12.00
# Visual Studio Version 17
VisualStudioVersion = 17.4.33103.184
MinimumVisualStudioVersion = 10.0.40219.1
Project("{9A19103F-16F7-4668-BE54-9A1E7A4F7556}") = "Othello", "Othello\Othello.csproj", "{31A8B3E1-B993-47B4-9088-FD6004D43777}"
EndProject
Project("{FAE04EC0-301F-11D3-BF4B-00C04F79EFBC}") = "Othello.Tests", "Othello.Tests\Othello.Tests.csproj", "{C3FBF662-7215-419F-99BE-66590DE27B08}"
EndProject
Global
	GlobalSection(SolutionConfigurationPlatforms) = preSolution
		Debug|Any CPU = Debug|Any CPU
		Release|Any CPU = Release|Any CPU
	EndGlobalSection
	GlobalSection(ProjectConfigurationPlatforms) = postSolution
		{31A8B3E1-B993-47B4-9088-FD6004D43777}.Debug|Any CPU.ActiveCfg = Debug|Any CPU
		{31A8B3E1-B993-47B4-9088-FD6004D43777}.Debug|Any CPU.Build.0 = Debug|Any CPU
		{31A8B3E1-B993-47B4-9088-FD6004D43777}.Release|Any CPU.ActiveCfg = Release|Any CPU
		{31A8B3E1-B993-47B4-9088-FD6004D43777}.Release|Any CPU.Build.0 = Release|Any CPU
		{C3FBF662-7215-419F-99BE-66590DE27B08}.Debug|Any CPU.ActiveCfg = Debug|Any CPU
		{C3FBF662-7215-419F-99BE-66590DE27B08}.Debug|Any CPU.Build.0 = Debug|Any CPU
		{C3FBF662-7215-419F-99BE-66590DE27B08}.Release|Any CPU.ActiveCfg = Release|Any CPU
		{C3FBF662-7215-419F-99BE-66590DE27B08}.Release|Any CPU.Build.0 = Release|Any CPU
	EndGlobalSection
	GlobalSection(SolutionProperties) = preSolution
		HideSolutionNode = FALSE
	EndGlobalSection
	GlobalSection(ExtensibilityGlobals) = postSolution
		SolutionGuid = {D0398EFD-EE2E-49F0-8587-0B29D7F575B3}
	EndGlobalSection
EndGlobal
